
Microsoft Visual Studio Solution File, Format Version 12.00
# Visual Studio Version 17
VisualStudioVersion = 17.13.35825.156 d17.13
MinimumVisualStudioVersion = 10.0.40219.1
Project("{FAE04EC0-301F-11D3-BF4B-00C04F79EFBC}") = "CodingTracer", "CodingTracer\CodingTracer.csproj", "{3F2DBAE0-59BD-4037-8010-6CC9AC908915}"
EndProject
Global
	GlobalSection(SolutionConfigurationPlatforms) = preSolution
		Debug|Any CPU = Debug|Any CPU
		Release|Any CPU = Release|Any CPU
	EndGlobalSection
	GlobalSection(ProjectConfigurationPlatforms) = postSolution
		{3F2DBAE0-59BD-4037-8010-6CC9AC908915}.Debug|Any CPU.ActiveCfg = Debug|Any CPU
		{3F2DBAE0-59BD-4037-8010-6CC9AC908915}.Debug|Any CPU.Build.0 = Debug|Any CPU
		{3F2DBAE0-59BD-4037-8010-6CC9AC908915}.Release|Any CPU.ActiveCfg = Release|Any CPU
		{3F2DBAE0-59BD-4037-8010-6CC9AC908915}.Release|Any CPU.Build.0 = Release|Any CPU
	EndGlobalSection
	GlobalSection(SolutionProperties) = preSolution
		HideSolutionNode = FALSE
	EndGlobalSection
	GlobalSection(ExtensibilityGlobals) = postSolution
		SolutionGuid = {D34C5B2E-163E-4E31-98BD-88CE093E4C8C}
	EndGlobalSection
EndGlobal
